
Microsoft Visual Studio Solution File, Format Version 12.00
# Visual Studio Version 16
VisualStudioVersion = 16.0.30114.105
MinimumVisualStudioVersion = 10.0.40219.1
Project("{9A19103F-16F7-4668-BE54-9A1E7A4F7556}") = "SentimentAnalysisWebApp", "SentimentAnalysisWebApp.csproj", "{811CBC7C-0E35-436B-AFE8-88CA1C653CA7}"
EndProject
Project("{FAE04EC0-301F-11D3-BF4B-00C04F79EFBC}") = "MLAccessLayer", "..\MLAccessLayer\MLAccessLayer.csproj", "{C2490948-122C-4D33-B445-26BE3AD21AA9}"
EndProject
Project("{FAE04EC0-301F-11D3-BF4B-00C04F79EFBC}") = "DTO", "..\DTO\DTO.csproj", "{37C58E4C-9AC6-4EDD-87F9-7D4358EFD863}"
EndProject
Global
	GlobalSection(SolutionConfigurationPlatforms) = preSolution
		Debug|Any CPU = Debug|Any CPU
		Release|Any CPU = Release|Any CPU
	EndGlobalSection
	GlobalSection(ProjectConfigurationPlatforms) = postSolution
		{811CBC7C-0E35-436B-AFE8-88CA1C653CA7}.Debug|Any CPU.ActiveCfg = Debug|Any CPU
		{811CBC7C-0E35-436B-AFE8-88CA1C653CA7}.Debug|Any CPU.Build.0 = Debug|Any CPU
		{811CBC7C-0E35-436B-AFE8-88CA1C653CA7}.Release|Any CPU.ActiveCfg = Release|Any CPU
		{811CBC7C-0E35-436B-AFE8-88CA1C653CA7}.Release|Any CPU.Build.0 = Release|Any CPU
		{C2490948-122C-4D33-B445-26BE3AD21AA9}.Debug|Any CPU.ActiveCfg = Debug|Any CPU
		{C2490948-122C-4D33-B445-26BE3AD21AA9}.Debug|Any CPU.Build.0 = Debug|Any CPU
		{C2490948-122C-4D33-B445-26BE3AD21AA9}.Release|Any CPU.ActiveCfg = Release|Any CPU
		{C2490948-122C-4D33-B445-26BE3AD21AA9}.Release|Any CPU.Build.0 = Release|Any CPU
		{37C58E4C-9AC6-4EDD-87F9-7D4358EFD863}.Debug|Any CPU.ActiveCfg = Debug|Any CPU
		{37C58E4C-9AC6-4EDD-87F9-7D4358EFD863}.Debug|Any CPU.Build.0 = Debug|Any CPU
		{37C58E4C-9AC6-4EDD-87F9-7D4358EFD863}.Release|Any CPU.ActiveCfg = Release|Any CPU
		{37C58E4C-9AC6-4EDD-87F9-7D4358EFD863}.Release|Any CPU.Build.0 = Release|Any CPU
	EndGlobalSection
	GlobalSection(SolutionProperties) = preSolution
		HideSolutionNode = FALSE
	EndGlobalSection
	GlobalSection(ExtensibilityGlobals) = postSolution
		SolutionGuid = {829FB7AA-266C-42DB-8B77-E5F6ADCECC5E}
	EndGlobalSection
EndGlobal
